// !$*UTF8*$!
{
	archiveVersion = 1;
	classes = {
	};
	objectVersion = 56;
	objects = {

/* Begin PBXBuildFile section */
		0483EA532C9460B400221B25 /* UberApp.swift in Sources */ = {isa = PBXBuildFile; fileRef = 0483EA522C9460B400221B25 /* UberApp.swift */; };
		0483EA572C9460B500221B25 /* Assets.xcassets in Resources */ = {isa = PBXBuildFile; fileRef = 0483EA562C9460B500221B25 /* Assets.xcassets */; };
		0483EA5A2C9460B500221B25 /* Preview Assets.xcassets in Resources */ = {isa = PBXBuildFile; fileRef = 0483EA592C9460B500221B25 /* Preview Assets.xcassets */; };
		0483EA682C94620D00221B25 /* HomeView.swift in Sources */ = {isa = PBXBuildFile; fileRef = 0483EA672C94620D00221B25 /* HomeView.swift */; };
		0483EA6A2C9462CF00221B25 /* UberMapViewRepresentable.swift in Sources */ = {isa = PBXBuildFile; fileRef = 0483EA692C9462CF00221B25 /* UberMapViewRepresentable.swift */; };
		0483EA6C2C94655200221B25 /* LocationManager.swift in Sources */ = {isa = PBXBuildFile; fileRef = 0483EA6B2C94655200221B25 /* LocationManager.swift */; };
		0483EA722C946B8300221B25 /* LocationSearchActivationView.swift in Sources */ = {isa = PBXBuildFile; fileRef = 0483EA712C946B8300221B25 /* LocationSearchActivationView.swift */; };
		0483EA742C946D2400221B25 /* MapViewActionButton.swift in Sources */ = {isa = PBXBuildFile; fileRef = 0483EA732C946D2400221B25 /* MapViewActionButton.swift */; };
		0483EA762C946E2000221B25 /* LocationSearchView.swift in Sources */ = {isa = PBXBuildFile; fileRef = 0483EA752C946E2000221B25 /* LocationSearchView.swift */; };
		0483EA782C94705900221B25 /* LocationSearchResultCell.swift in Sources */ = {isa = PBXBuildFile; fileRef = 0483EA772C94705900221B25 /* LocationSearchResultCell.swift */; };
		0483EA7A2C94E36900221B25 /* LocationSearchViewModel.swift in Sources */ = {isa = PBXBuildFile; fileRef = 0483EA792C94E36900221B25 /* LocationSearchViewModel.swift */; };
		048FC42B2C9B0DBD00682839 /* RideType.swift in Sources */ = {isa = PBXBuildFile; fileRef = 048FC42A2C9B0DBD00682839 /* RideType.swift */; };
		0494AD5B2C9B155C00FED10F /* Double.swift in Sources */ = {isa = PBXBuildFile; fileRef = 0494AD5A2C9B155C00FED10F /* Double.swift */; };
		04E755ED2C99B2D3007AD8DB /* MapViewState.swift in Sources */ = {isa = PBXBuildFile; fileRef = 04E755EC2C99B2D3007AD8DB /* MapViewState.swift */; };
		04E755F02C99CC6D007AD8DB /* RideRequestView.swift in Sources */ = {isa = PBXBuildFile; fileRef = 04E755EF2C99CC6D007AD8DB /* RideRequestView.swift */; };
/* End PBXBuildFile section */

/* Begin PBXFileReference section */
		0483EA4F2C9460B400221B25 /* Uber.app */ = {isa = PBXFileReference; explicitFileType = wrapper.application; includeInIndex = 0; path = Uber.app; sourceTree = BUILT_PRODUCTS_DIR; };
		0483EA522C9460B400221B25 /* UberApp.swift */ = {isa = PBXFileReference; lastKnownFileType = sourcecode.swift; path = UberApp.swift; sourceTree = "<group>"; };
		0483EA562C9460B500221B25 /* Assets.xcassets */ = {isa = PBXFileReference; lastKnownFileType = folder.assetcatalog; path = Assets.xcassets; sourceTree = "<group>"; };
		0483EA592C9460B500221B25 /* Preview Assets.xcassets */ = {isa = PBXFileReference; lastKnownFileType = folder.assetcatalog; path = "Preview Assets.xcassets"; sourceTree = "<group>"; };
		0483EA672C94620D00221B25 /* HomeView.swift */ = {isa = PBXFileReference; lastKnownFileType = sourcecode.swift; path = HomeView.swift; sourceTree = "<group>"; };
		0483EA692C9462CF00221B25 /* UberMapViewRepresentable.swift */ = {isa = PBXFileReference; lastKnownFileType = sourcecode.swift; path = UberMapViewRepresentable.swift; sourceTree = "<group>"; };
		0483EA6B2C94655200221B25 /* LocationManager.swift */ = {isa = PBXFileReference; lastKnownFileType = sourcecode.swift; path = LocationManager.swift; sourceTree = "<group>"; };
		0483EA712C946B8300221B25 /* LocationSearchActivationView.swift */ = {isa = PBXFileReference; lastKnownFileType = sourcecode.swift; path = LocationSearchActivationView.swift; sourceTree = "<group>"; };
		0483EA732C946D2400221B25 /* MapViewActionButton.swift */ = {isa = PBXFileReference; lastKnownFileType = sourcecode.swift; path = MapViewActionButton.swift; sourceTree = "<group>"; };
		0483EA752C946E2000221B25 /* LocationSearchView.swift */ = {isa = PBXFileReference; lastKnownFileType = sourcecode.swift; path = LocationSearchView.swift; sourceTree = "<group>"; };
		0483EA772C94705900221B25 /* LocationSearchResultCell.swift */ = {isa = PBXFileReference; lastKnownFileType = sourcecode.swift; path = LocationSearchResultCell.swift; sourceTree = "<group>"; };
		0483EA792C94E36900221B25 /* LocationSearchViewModel.swift */ = {isa = PBXFileReference; lastKnownFileType = sourcecode.swift; path = LocationSearchViewModel.swift; sourceTree = "<group>"; };
		048FC42A2C9B0DBD00682839 /* RideType.swift */ = {isa = PBXFileReference; lastKnownFileType = sourcecode.swift; path = RideType.swift; sourceTree = "<group>"; };
		0494AD5A2C9B155C00FED10F /* Double.swift */ = {isa = PBXFileReference; lastKnownFileType = sourcecode.swift; path = Double.swift; sourceTree = "<group>"; };
		04E755EC2C99B2D3007AD8DB /* MapViewState.swift */ = {isa = PBXFileReference; lastKnownFileType = sourcecode.swift; path = MapViewState.swift; sourceTree = "<group>"; };
		04E755EF2C99CC6D007AD8DB /* RideRequestView.swift */ = {isa = PBXFileReference; lastKnownFileType = sourcecode.swift; path = RideRequestView.swift; sourceTree = "<group>"; };
/* End PBXFileReference section */

/* Begin PBXFrameworksBuildPhase section */
		0483EA4C2C9460B400221B25 /* Frameworks */ = {
			isa = PBXFrameworksBuildPhase;
			buildActionMask = 2147483647;
			files = (
			);
			runOnlyForDeploymentPostprocessing = 0;
		};
/* End PBXFrameworksBuildPhase section */

/* Begin PBXGroup section */
		0483EA462C9460B400221B25 = {
			isa = PBXGroup;
			children = (
				0483EA512C9460B400221B25 /* Uber */,
				0483EA502C9460B400221B25 /* Products */,
			);
			sourceTree = "<group>";
		};
		0483EA502C9460B400221B25 /* Products */ = {
			isa = PBXGroup;
			children = (
				0483EA4F2C9460B400221B25 /* Uber.app */,
			);
			name = Products;
			sourceTree = "<group>";
		};
		0483EA512C9460B400221B25 /* Uber */ = {
			isa = PBXGroup;
			children = (
				0483EA602C9460FE00221B25 /* App */,
				0483EA612C94610500221B25 /* Core */,
				0483EA622C94611100221B25 /* Extensions */,
				0483EA632C94612100221B25 /* Managers */,
				0483EA642C94612700221B25 /* Models */,
				0483EA562C9460B500221B25 /* Assets.xcassets */,
				0483EA582C9460B500221B25 /* Preview Content */,
			);
			path = Uber;
			sourceTree = "<group>";
		};
		0483EA582C9460B500221B25 /* Preview Content */ = {
			isa = PBXGroup;
			children = (
				0483EA592C9460B500221B25 /* Preview Assets.xcassets */,
			);
			path = "Preview Content";
			sourceTree = "<group>";
		};
		0483EA602C9460FE00221B25 /* App */ = {
			isa = PBXGroup;
			children = (
				0483EA522C9460B400221B25 /* UberApp.swift */,
			);
			path = App;
			sourceTree = "<group>";
		};
		0483EA612C94610500221B25 /* Core */ = {
			isa = PBXGroup;
			children = (
				04E755EE2C99CC55007AD8DB /* Trips */,
				0483EA6E2C946B3D00221B25 /* LocationSearch */,
				0483EA6D2C946B2800221B25 /* Home */,
			);
			path = Core;
			sourceTree = "<group>";
		};
		0483EA622C94611100221B25 /* Extensions */ = {
			isa = PBXGroup;
			children = (
				0494AD5A2C9B155C00FED10F /* Double.swift */,
			);
			path = Extensions;
			sourceTree = "<group>";
		};
		0483EA632C94612100221B25 /* Managers */ = {
			isa = PBXGroup;
			children = (
				0483EA6B2C94655200221B25 /* LocationManager.swift */,
			);
			path = Managers;
			sourceTree = "<group>";
		};
		0483EA642C94612700221B25 /* Models */ = {
			isa = PBXGroup;
			children = (
				04E755EC2C99B2D3007AD8DB /* MapViewState.swift */,
				048FC42A2C9B0DBD00682839 /* RideType.swift */,
			);
			path = Models;
			sourceTree = "<group>";
		};
		0483EA652C9461F200221B25 /* ViewModel */ = {
			isa = PBXGroup;
			children = (
			);
			path = ViewModel;
			sourceTree = "<group>";
		};
		0483EA662C9461F600221B25 /* Views */ = {
			isa = PBXGroup;
			children = (
				0483EA672C94620D00221B25 /* HomeView.swift */,
				0483EA692C9462CF00221B25 /* UberMapViewRepresentable.swift */,
				0483EA732C946D2400221B25 /* MapViewActionButton.swift */,
			);
			path = Views;
			sourceTree = "<group>";
		};
		0483EA6D2C946B2800221B25 /* Home */ = {
			isa = PBXGroup;
			children = (
				0483EA652C9461F200221B25 /* ViewModel */,
				0483EA662C9461F600221B25 /* Views */,
			);
			path = Home;
			sourceTree = "<group>";
		};
		0483EA6E2C946B3D00221B25 /* LocationSearch */ = {
			isa = PBXGroup;
			children = (
				0483EA702C946B5300221B25 /* ViewModel */,
				0483EA6F2C946B4E00221B25 /* Views */,
			);
			path = LocationSearch;
			sourceTree = "<group>";
		};
		0483EA6F2C946B4E00221B25 /* Views */ = {
			isa = PBXGroup;
			children = (
				0483EA712C946B8300221B25 /* LocationSearchActivationView.swift */,
				0483EA752C946E2000221B25 /* LocationSearchView.swift */,
				0483EA772C94705900221B25 /* LocationSearchResultCell.swift */,
			);
			path = Views;
			sourceTree = "<group>";
		};
		0483EA702C946B5300221B25 /* ViewModel */ = {
			isa = PBXGroup;
			children = (
				0483EA792C94E36900221B25 /* LocationSearchViewModel.swift */,
			);
			path = ViewModel;
			sourceTree = "<group>";
		};
		04E755EE2C99CC55007AD8DB /* Trips */ = {
			isa = PBXGroup;
			children = (
				04E755EF2C99CC6D007AD8DB /* RideRequestView.swift */,
			);
			path = Trips;
			sourceTree = "<group>";
		};
/* End PBXGroup section */

/* Begin PBXNativeTarget section */
		0483EA4E2C9460B400221B25 /* Uber */ = {
			isa = PBXNativeTarget;
			buildConfigurationList = 0483EA5D2C9460B500221B25 /* Build configuration list for PBXNativeTarget "Uber" */;
			buildPhases = (
				0483EA4B2C9460B400221B25 /* Sources */,
				0483EA4C2C9460B400221B25 /* Frameworks */,
				0483EA4D2C9460B400221B25 /* Resources */,
			);
			buildRules = (
			);
			dependencies = (
			);
			name = Uber;
			productName = Uber;
			productReference = 0483EA4F2C9460B400221B25 /* Uber.app */;
			productType = "com.apple.product-type.application";
		};
/* End PBXNativeTarget section */

/* Begin PBXProject section */
		0483EA472C9460B400221B25 /* Project object */ = {
			isa = PBXProject;
			attributes = {
				BuildIndependentTargetsInParallel = 1;
				LastSwiftUpdateCheck = 1540;
				LastUpgradeCheck = 1540;
				TargetAttributes = {
					0483EA4E2C9460B400221B25 = {
						CreatedOnToolsVersion = 15.4;
					};
				};
			};
			buildConfigurationList = 0483EA4A2C9460B400221B25 /* Build configuration list for PBXProject "Uber" */;
			compatibilityVersion = "Xcode 14.0";
			developmentRegion = en;
			hasScannedForEncodings = 0;
			knownRegions = (
				en,
				Base,
			);
			mainGroup = 0483EA462C9460B400221B25;
			productRefGroup = 0483EA502C9460B400221B25 /* Products */;
			projectDirPath = "";
			projectRoot = "";
			targets = (
				0483EA4E2C9460B400221B25 /* Uber */,
			);
		};
/* End PBXProject section */

/* Begin PBXResourcesBuildPhase section */
		0483EA4D2C9460B400221B25 /* Resources */ = {
			isa = PBXResourcesBuildPhase;
			buildActionMask = 2147483647;
			files = (
				0483EA5A2C9460B500221B25 /* Preview Assets.xcassets in Resources */,
				0483EA572C9460B500221B25 /* Assets.xcassets in Resources */,
			);
			runOnlyForDeploymentPostprocessing = 0;
		};
/* End PBXResourcesBuildPhase section */

/* Begin PBXSourcesBuildPhase section */
		0483EA4B2C9460B400221B25 /* Sources */ = {
			isa = PBXSourcesBuildPhase;
			buildActionMask = 2147483647;
			files = (
				0483EA7A2C94E36900221B25 /* LocationSearchViewModel.swift in Sources */,
				0483EA762C946E2000221B25 /* LocationSearchView.swift in Sources */,
				0483EA6C2C94655200221B25 /* LocationManager.swift in Sources */,
				04E755F02C99CC6D007AD8DB /* RideRequestView.swift in Sources */,
				0494AD5B2C9B155C00FED10F /* Double.swift in Sources */,
				04E755ED2C99B2D3007AD8DB /* MapViewState.swift in Sources */,
				0483EA742C946D2400221B25 /* MapViewActionButton.swift in Sources */,
				0483EA532C9460B400221B25 /* UberApp.swift in Sources */,
				0483EA6A2C9462CF00221B25 /* UberMapViewRepresentable.swift in Sources */,
				0483EA682C94620D00221B25 /* HomeView.swift in Sources */,
				0483EA722C946B8300221B25 /* LocationSearchActivationView.swift in Sources */,
				0483EA782C94705900221B25 /* LocationSearchResultCell.swift in Sources */,
				048FC42B2C9B0DBD00682839 /* RideType.swift in Sources */,
			);
			runOnlyForDeploymentPostprocessing = 0;
		};
/* End PBXSourcesBuildPhase section */

/* Begin XCBuildConfiguration section */
		0483EA5B2C9460B500221B25 /* Debug */ = {
			isa = XCBuildConfiguration;
			buildSettings = {
				ALWAYS_SEARCH_USER_PATHS = NO;
				ASSETCATALOG_COMPILER_GENERATE_SWIFT_ASSET_SYMBOL_EXTENSIONS = YES;
				CLANG_ANALYZER_NONNULL = YES;
				CLANG_ANALYZER_NUMBER_OBJECT_CONVERSION = YES_AGGRESSIVE;
				CLANG_CXX_LANGUAGE_STANDARD = "gnu++20";
				CLANG_ENABLE_MODULES = YES;
				CLANG_ENABLE_OBJC_ARC = YES;
				CLANG_ENABLE_OBJC_WEAK = YES;
				CLANG_WARN_BLOCK_CAPTURE_AUTORELEASING = YES;
				CLANG_WARN_BOOL_CONVERSION = YES;
				CLANG_WARN_COMMA = YES;
				CLANG_WARN_CONSTANT_CONVERSION = YES;
				CLANG_WARN_DEPRECATED_OBJC_IMPLEMENTATIONS = YES;
				CLANG_WARN_DIRECT_OBJC_ISA_USAGE = YES_ERROR;
				CLANG_WARN_DOCUMENTATION_COMMENTS = YES;
				CLANG_WARN_EMPTY_BODY = YES;
				CLANG_WARN_ENUM_CONVERSION = YES;
				CLANG_WARN_INFINITE_RECURSION = YES;
				CLANG_WARN_INT_CONVERSION = YES;
				CLANG_WARN_NON_LITERAL_NULL_CONVERSION = YES;
				CLANG_WARN_OBJC_IMPLICIT_RETAIN_SELF = YES;
				CLANG_WARN_OBJC_LITERAL_CONVERSION = YES;
				CLANG_WARN_OBJC_ROOT_CLASS = YES_ERROR;
				CLANG_WARN_QUOTED_INCLUDE_IN_FRAMEWORK_HEADER = YES;
				CLANG_WARN_RANGE_LOOP_ANALYSIS = YES;
				CLANG_WARN_STRICT_PROTOTYPES = YES;
				CLANG_WARN_SUSPICIOUS_MOVE = YES;
				CLANG_WARN_UNGUARDED_AVAILABILITY = YES_AGGRESSIVE;
				CLANG_WARN_UNREACHABLE_CODE = YES;
				CLANG_WARN__DUPLICATE_METHOD_MATCH = YES;
				COPY_PHASE_STRIP = NO;
				DEBUG_INFORMATION_FORMAT = dwarf;
				ENABLE_STRICT_OBJC_MSGSEND = YES;
				ENABLE_TESTABILITY = YES;
				ENABLE_USER_SCRIPT_SANDBOXING = YES;
				GCC_C_LANGUAGE_STANDARD = gnu17;
				GCC_DYNAMIC_NO_PIC = NO;
				GCC_NO_COMMON_BLOCKS = YES;
				GCC_OPTIMIZATION_LEVEL = 0;
				GCC_PREPROCESSOR_DEFINITIONS = (
					"DEBUG=1",
					"$(inherited)",
				);
				GCC_WARN_64_TO_32_BIT_CONVERSION = YES;
				GCC_WARN_ABOUT_RETURN_TYPE = YES_ERROR;
				GCC_WARN_UNDECLARED_SELECTOR = YES;
				GCC_WARN_UNINITIALIZED_AUTOS = YES_AGGRESSIVE;
				GCC_WARN_UNUSED_FUNCTION = YES;
				GCC_WARN_UNUSED_VARIABLE = YES;
				IPHONEOS_DEPLOYMENT_TARGET = 17.5;
				LOCALIZATION_PREFERS_STRING_CATALOGS = YES;
				MTL_ENABLE_DEBUG_INFO = INCLUDE_SOURCE;
				MTL_FAST_MATH = YES;
				ONLY_ACTIVE_ARCH = YES;
				SDKROOT = iphoneos;
				SWIFT_ACTIVE_COMPILATION_CONDITIONS = "DEBUG $(inherited)";
				SWIFT_OPTIMIZATION_LEVEL = "-Onone";
			};
			name = Debug;
		};
		0483EA5C2C9460B500221B25 /* Release */ = {
			isa = XCBuildConfiguration;
			buildSettings = {
				ALWAYS_SEARCH_USER_PATHS = NO;
				ASSETCATALOG_COMPILER_GENERATE_SWIFT_ASSET_SYMBOL_EXTENSIONS = YES;
				CLANG_ANALYZER_NONNULL = YES;
				CLANG_ANALYZER_NUMBER_OBJECT_CONVERSION = YES_AGGRESSIVE;
				CLANG_CXX_LANGUAGE_STANDARD = "gnu++20";
				CLANG_ENABLE_MODULES = YES;
				CLANG_ENABLE_OBJC_ARC = YES;
				CLANG_ENABLE_OBJC_WEAK = YES;
				CLANG_WARN_BLOCK_CAPTURE_AUTORELEASING = YES;
				CLANG_WARN_BOOL_CONVERSION = YES;
				CLANG_WARN_COMMA = YES;
				CLANG_WARN_CONSTANT_CONVERSION = YES;
				CLANG_WARN_DEPRECATED_OBJC_IMPLEMENTATIONS = YES;
				CLANG_WARN_DIRECT_OBJC_ISA_USAGE = YES_ERROR;
				CLANG_WARN_DOCUMENTATION_COMMENTS = YES;
				CLANG_WARN_EMPTY_BODY = YES;
				CLANG_WARN_ENUM_CONVERSION = YES;
				CLANG_WARN_INFINITE_RECURSION = YES;
				CLANG_WARN_INT_CONVERSION = YES;
				CLANG_WARN_NON_LITERAL_NULL_CONVERSION = YES;
				CLANG_WARN_OBJC_IMPLICIT_RETAIN_SELF = YES;
				CLANG_WARN_OBJC_LITERAL_CONVERSION = YES;
				CLANG_WARN_OBJC_ROOT_CLASS = YES_ERROR;
				CLANG_WARN_QUOTED_INCLUDE_IN_FRAMEWORK_HEADER = YES;
				CLANG_WARN_RANGE_LOOP_ANALYSIS = YES;
				CLANG_WARN_STRICT_PROTOTYPES = YES;
				CLANG_WARN_SUSPICIOUS_MOVE = YES;
				CLANG_WARN_UNGUARDED_AVAILABILITY = YES_AGGRESSIVE;
				CLANG_WARN_UNREACHABLE_CODE = YES;
				CLANG_WARN__DUPLICATE_METHOD_MATCH = YES;
				COPY_PHASE_STRIP = NO;
				DEBUG_INFORMATION_FORMAT = "dwarf-with-dsym";
				ENABLE_NS_ASSERTIONS = NO;
				ENABLE_STRICT_OBJC_MSGSEND = YES;
				ENABLE_USER_SCRIPT_SANDBOXING = YES;
				GCC_C_LANGUAGE_STANDARD = gnu17;
				GCC_NO_COMMON_BLOCKS = YES;
				GCC_WARN_64_TO_32_BIT_CONVERSION = YES;
				GCC_WARN_ABOUT_RETURN_TYPE = YES_ERROR;
				GCC_WARN_UNDECLARED_SELECTOR = YES;
				GCC_WARN_UNINITIALIZED_AUTOS = YES_AGGRESSIVE;
				GCC_WARN_UNUSED_FUNCTION = YES;
				GCC_WARN_UNUSED_VARIABLE = YES;
				IPHONEOS_DEPLOYMENT_TARGET = 17.5;
				LOCALIZATION_PREFERS_STRING_CATALOGS = YES;
				MTL_ENABLE_DEBUG_INFO = NO;
				MTL_FAST_MATH = YES;
				SDKROOT = iphoneos;
				SWIFT_COMPILATION_MODE = wholemodule;
				VALIDATE_PRODUCT = YES;
			};
			name = Release;
		};
		0483EA5E2C9460B500221B25 /* Debug */ = {
			isa = XCBuildConfiguration;
			buildSettings = {
				ASSETCATALOG_COMPILER_APPICON_NAME = AppIcon;
				ASSETCATALOG_COMPILER_GLOBAL_ACCENT_COLOR_NAME = AccentColor;
				CODE_SIGN_STYLE = Automatic;
				CURRENT_PROJECT_VERSION = 1;
				DEVELOPMENT_ASSET_PATHS = "\"Uber/Preview Content\"";
				DEVELOPMENT_TEAM = T44VVPXJ2X;
				ENABLE_PREVIEWS = YES;
				GENERATE_INFOPLIST_FILE = YES;
				INFOPLIST_KEY_NSLocationWhenInUseUsageDescription = "Pleaser allow us to access your location to find you nearby drivers and riders";
				INFOPLIST_KEY_UIApplicationSceneManifest_Generation = YES;
				INFOPLIST_KEY_UIApplicationSupportsIndirectInputEvents = YES;
				INFOPLIST_KEY_UILaunchScreen_Generation = YES;
				INFOPLIST_KEY_UISupportedInterfaceOrientations_iPad = "UIInterfaceOrientationPortrait UIInterfaceOrientationPortraitUpsideDown UIInterfaceOrientationLandscapeLeft UIInterfaceOrientationLandscapeRight";
				INFOPLIST_KEY_UISupportedInterfaceOrientations_iPhone = "UIInterfaceOrientationPortrait UIInterfaceOrientationLandscapeLeft UIInterfaceOrientationLandscapeRight";
				LD_RUNPATH_SEARCH_PATHS = (
					"$(inherited)",
					"@executable_path/Frameworks",
				);
				MARKETING_VERSION = 1.0;
				PRODUCT_BUNDLE_IDENTIFIER = io.xcode.com.Uber;
				PRODUCT_NAME = "$(TARGET_NAME)";
				SWIFT_EMIT_LOC_STRINGS = YES;
				SWIFT_VERSION = 5.0;
				TARGETED_DEVICE_FAMILY = "1,2";
			};
			name = Debug;
		};
		0483EA5F2C9460B500221B25 /* Release */ = {
			isa = XCBuildConfiguration;
			buildSettings = {
				ASSETCATALOG_COMPILER_APPICON_NAME = AppIcon;
				ASSETCATALOG_COMPILER_GLOBAL_ACCENT_COLOR_NAME = AccentColor;
				CODE_SIGN_STYLE = Automatic;
				CURRENT_PROJECT_VERSION = 1;
				DEVELOPMENT_ASSET_PATHS = "\"Uber/Preview Content\"";
				DEVELOPMENT_TEAM = T44VVPXJ2X;
				ENABLE_PREVIEWS = YES;
				GENERATE_INFOPLIST_FILE = YES;
				INFOPLIST_KEY_NSLocationWhenInUseUsageDescription = "Pleaser allow us to access your location to find you nearby drivers and riders";
				INFOPLIST_KEY_UIApplicationSceneManifest_Generation = YES;
				INFOPLIST_KEY_UIApplicationSupportsIndirectInputEvents = YES;
				INFOPLIST_KEY_UILaunchScreen_Generation = YES;
				INFOPLIST_KEY_UISupportedInterfaceOrientations_iPad = "UIInterfaceOrientationPortrait UIInterfaceOrientationPortraitUpsideDown UIInterfaceOrientationLandscapeLeft UIInterfaceOrientationLandscapeRight";
				INFOPLIST_KEY_UISupportedInterfaceOrientations_iPhone = "UIInterfaceOrientationPortrait UIInterfaceOrientationLandscapeLeft UIInterfaceOrientationLandscapeRight";
				LD_RUNPATH_SEARCH_PATHS = (
					"$(inherited)",
					"@executable_path/Frameworks",
				);
				MARKETING_VERSION = 1.0;
				PRODUCT_BUNDLE_IDENTIFIER = io.xcode.com.Uber;
				PRODUCT_NAME = "$(TARGET_NAME)";
				SWIFT_EMIT_LOC_STRINGS = YES;
				SWIFT_VERSION = 5.0;
				TARGETED_DEVICE_FAMILY = "1,2";
			};
			name = Release;
		};
/* End XCBuildConfiguration section */

/* Begin XCConfigurationList section */
		0483EA4A2C9460B400221B25 /* Build configuration list for PBXProject "Uber" */ = {
			isa = XCConfigurationList;
			buildConfigurations = (
				0483EA5B2C9460B500221B25 /* Debug */,
				0483EA5C2C9460B500221B25 /* Release */,
			);
			defaultConfigurationIsVisible = 0;
			defaultConfigurationName = Release;
		};
		0483EA5D2C9460B500221B25 /* Build configuration list for PBXNativeTarget "Uber" */ = {
			isa = XCConfigurationList;
			buildConfigurations = (
				0483EA5E2C9460B500221B25 /* Debug */,
				0483EA5F2C9460B500221B25 /* Release */,
			);
			defaultConfigurationIsVisible = 0;
			defaultConfigurationName = Release;
		};
/* End XCConfigurationList section */
	};
	rootObject = 0483EA472C9460B400221B25 /* Project object */;
}
